
Microsoft Visual Studio Solution File, Format Version 12.00
# Visual Studio 15
VisualStudioVersion = 15.0.28307.1062
MinimumVisualStudioVersion = 10.0.40219.1
Project("{8BC9CEB8-8B4A-11D0-8D11-00A0C91BC942}") = "Relimetrics_OpenGL_Assesment", "Relimetrics_OpenGL_Assesment\Relimetrics_OpenGL_Assesment.vcxproj", "{0CBACF02-FC69-4CF4-85BB-D55FF40FFB11}"
EndProject
Global
	GlobalSection(SolutionConfigurationPlatforms) = preSolution
		Debug|x64 = Debug|x64
		Debug|x86 = Debug|x86
		Release|x64 = Release|x64
		Release|x86 = Release|x86
	EndGlobalSection
	GlobalSection(ProjectConfigurationPlatforms) = postSolution
		{0CBACF02-FC69-4CF4-85BB-D55FF40FFB11}.Debug|x64.ActiveCfg = Debug|x64
		{0CBACF02-FC69-4CF4-85BB-D55FF40FFB11}.Debug|x64.Build.0 = Debug|x64
		{0CBACF02-FC69-4CF4-85BB-D55FF40FFB11}.Debug|x86.ActiveCfg = Debug|Win32
		{0CBACF02-FC69-4CF4-85BB-D55FF40FFB11}.Debug|x86.Build.0 = Debug|Win32
		{0CBACF02-FC69-4CF4-85BB-D55FF40FFB11}.Release|x64.ActiveCfg = Release|x64
		{0CBACF02-FC69-4CF4-85BB-D55FF40FFB11}.Release|x64.Build.0 = Release|x64
		{0CBACF02-FC69-4CF4-85BB-D55FF40FFB11}.Release|x86.ActiveCfg = Release|Win32
		{0CBACF02-FC69-4CF4-85BB-D55FF40FFB11}.Release|x86.Build.0 = Release|Win32
	EndGlobalSection
	GlobalSection(SolutionProperties) = preSolution
		HideSolutionNode = FALSE
	EndGlobalSection
	GlobalSection(ExtensibilityGlobals) = postSolution
		SolutionGuid = {E6FEA3B0-18D1-4C31-B263-81ABC1BD8B20}
	EndGlobalSection
EndGlobal
